// !$*UTF8*$!
{
	archiveVersion = 1;
	classes = {
	};
	objectVersion = 46;
	objects = {

/* Begin PBXBuildFile section */
		84B9316C20BBBE8C00DAD5CC /* AppDelegate.swift in Sources */ = {isa = PBXBuildFile; fileRef = 84B9316B20BBBE8C00DAD5CC /* AppDelegate.swift */; };
		84B9317120BBBE8C00DAD5CC /* Main.storyboard in Resources */ = {isa = PBXBuildFile; fileRef = 84B9316F20BBBE8C00DAD5CC /* Main.storyboard */; };
		84B9317620BBBE8C00DAD5CC /* Assets.xcassets in Resources */ = {isa = PBXBuildFile; fileRef = 84B9317520BBBE8C00DAD5CC /* Assets.xcassets */; };
		84B9317920BBBE8C00DAD5CC /* LaunchScreen.storyboard in Resources */ = {isa = PBXBuildFile; fileRef = 84B9317720BBBE8C00DAD5CC /* LaunchScreen.storyboard */; };
		84B9318720BBC13900DAD5CC /* MainViewController.swift in Sources */ = {isa = PBXBuildFile; fileRef = 84B9318620BBC13900DAD5CC /* MainViewController.swift */; };
		84B9318920BBC3D500DAD5CC /* DropShadow.swift in Sources */ = {isa = PBXBuildFile; fileRef = 84B9318820BBC3D500DAD5CC /* DropShadow.swift */; };
		84B9318B20BBC49C00DAD5CC /* HeaderView.swift in Sources */ = {isa = PBXBuildFile; fileRef = 84B9318A20BBC49C00DAD5CC /* HeaderView.swift */; };
		84B9318D20BBDE9100DAD5CC /* Taco.swift in Sources */ = {isa = PBXBuildFile; fileRef = 84B9318C20BBDE9100DAD5CC /* Taco.swift */; };
		84B9319020BBF89800DAD5CC /* DataService.swift in Sources */ = {isa = PBXBuildFile; fileRef = 84B9318F20BBF89800DAD5CC /* DataService.swift */; };
		84B9319520BBFD3300DAD5CC /* TacoCell.swift in Sources */ = {isa = PBXBuildFile; fileRef = 84B9319320BBFD3300DAD5CC /* TacoCell.swift */; };
		84B9319620BBFD3300DAD5CC /* TacoCell.xib in Resources */ = {isa = PBXBuildFile; fileRef = 84B9319420BBFD3300DAD5CC /* TacoCell.xib */; };
		84B9319820BC041C00DAD5CC /* ReuseableView.swift in Sources */ = {isa = PBXBuildFile; fileRef = 84B9319720BC041C00DAD5CC /* ReuseableView.swift */; };
		84B9319A20BC066300DAD5CC /* NibLoadableView.swift in Sources */ = {isa = PBXBuildFile; fileRef = 84B9319920BC066300DAD5CC /* NibLoadableView.swift */; };
		84B9319C20BC07BC00DAD5CC /* UICollectionView+Extension.swift in Sources */ = {isa = PBXBuildFile; fileRef = 84B9319B20BC07BC00DAD5CC /* UICollectionView+Extension.swift */; };
		84D86F5720BC0F7E0033C015 /* MaterialView.swift in Sources */ = {isa = PBXBuildFile; fileRef = 84D86F5620BC0F7E0033C015 /* MaterialView.swift */; };
		84D86F5920BC11D90033C015 /* TacoCellBackground.swift in Sources */ = {isa = PBXBuildFile; fileRef = 84D86F5820BC11D90033C015 /* TacoCellBackground.swift */; };
/* End PBXBuildFile section */

/* Begin PBXFileReference section */
		84B9316820BBBE8C00DAD5CC /* TacoPOP.app */ = {isa = PBXFileReference; explicitFileType = wrapper.application; includeInIndex = 0; path = TacoPOP.app; sourceTree = BUILT_PRODUCTS_DIR; };
		84B9316B20BBBE8C00DAD5CC /* AppDelegate.swift */ = {isa = PBXFileReference; lastKnownFileType = sourcecode.swift; path = AppDelegate.swift; sourceTree = "<group>"; };
		84B9317020BBBE8C00DAD5CC /* Base */ = {isa = PBXFileReference; lastKnownFileType = file.storyboard; name = Base; path = Base.lproj/Main.storyboard; sourceTree = "<group>"; };
		84B9317520BBBE8C00DAD5CC /* Assets.xcassets */ = {isa = PBXFileReference; lastKnownFileType = folder.assetcatalog; path = Assets.xcassets; sourceTree = "<group>"; };
		84B9317820BBBE8C00DAD5CC /* Base */ = {isa = PBXFileReference; lastKnownFileType = file.storyboard; name = Base; path = Base.lproj/LaunchScreen.storyboard; sourceTree = "<group>"; };
		84B9317A20BBBE8C00DAD5CC /* Info.plist */ = {isa = PBXFileReference; lastKnownFileType = text.plist.xml; path = Info.plist; sourceTree = "<group>"; };
		84B9318620BBC13900DAD5CC /* MainViewController.swift */ = {isa = PBXFileReference; fileEncoding = 4; lastKnownFileType = sourcecode.swift; path = MainViewController.swift; sourceTree = "<group>"; };
		84B9318820BBC3D500DAD5CC /* DropShadow.swift */ = {isa = PBXFileReference; fileEncoding = 4; lastKnownFileType = sourcecode.swift; path = DropShadow.swift; sourceTree = "<group>"; };
		84B9318A20BBC49C00DAD5CC /* HeaderView.swift */ = {isa = PBXFileReference; fileEncoding = 4; lastKnownFileType = sourcecode.swift; path = HeaderView.swift; sourceTree = "<group>"; };
		84B9318C20BBDE9100DAD5CC /* Taco.swift */ = {isa = PBXFileReference; fileEncoding = 4; lastKnownFileType = sourcecode.swift; path = Taco.swift; sourceTree = "<group>"; };
		84B9318F20BBF89800DAD5CC /* DataService.swift */ = {isa = PBXFileReference; fileEncoding = 4; lastKnownFileType = sourcecode.swift; path = DataService.swift; sourceTree = "<group>"; };
		84B9319320BBFD3300DAD5CC /* TacoCell.swift */ = {isa = PBXFileReference; fileEncoding = 4; lastKnownFileType = sourcecode.swift; path = TacoCell.swift; sourceTree = "<group>"; };
		84B9319420BBFD3300DAD5CC /* TacoCell.xib */ = {isa = PBXFileReference; fileEncoding = 4; lastKnownFileType = file.xib; path = TacoCell.xib; sourceTree = "<group>"; };
		84B9319720BC041C00DAD5CC /* ReuseableView.swift */ = {isa = PBXFileReference; fileEncoding = 4; lastKnownFileType = sourcecode.swift; path = ReuseableView.swift; sourceTree = "<group>"; };
		84B9319920BC066300DAD5CC /* NibLoadableView.swift */ = {isa = PBXFileReference; fileEncoding = 4; lastKnownFileType = sourcecode.swift; path = NibLoadableView.swift; sourceTree = "<group>"; };
		84B9319B20BC07BC00DAD5CC /* UICollectionView+Extension.swift */ = {isa = PBXFileReference; fileEncoding = 4; lastKnownFileType = sourcecode.swift; path = "UICollectionView+Extension.swift"; sourceTree = "<group>"; };
		84D86F5620BC0F7E0033C015 /* MaterialView.swift */ = {isa = PBXFileReference; fileEncoding = 4; lastKnownFileType = sourcecode.swift; path = MaterialView.swift; sourceTree = "<group>"; };
		84D86F5820BC11D90033C015 /* TacoCellBackground.swift */ = {isa = PBXFileReference; fileEncoding = 4; lastKnownFileType = sourcecode.swift; path = TacoCellBackground.swift; sourceTree = "<group>"; };
/* End PBXFileReference section */

/* Begin PBXFrameworksBuildPhase section */
		84B9316520BBBE8C00DAD5CC /* Frameworks */ = {
			isa = PBXFrameworksBuildPhase;
			buildActionMask = 2147483647;
			files = (
			);
			runOnlyForDeploymentPostprocessing = 0;
		};
/* End PBXFrameworksBuildPhase section */

/* Begin PBXGroup section */
		84B9315F20BBBE8C00DAD5CC = {
			isa = PBXGroup;
			children = (
				84B9316A20BBBE8C00DAD5CC /* TacoPOP */,
				84B9316920BBBE8C00DAD5CC /* Products */,
			);
			sourceTree = "<group>";
		};
		84B9316920BBBE8C00DAD5CC /* Products */ = {
			isa = PBXGroup;
			children = (
				84B9316820BBBE8C00DAD5CC /* TacoPOP.app */,
			);
			name = Products;
			sourceTree = "<group>";
		};
		84B9316A20BBBE8C00DAD5CC /* TacoPOP */ = {
			isa = PBXGroup;
			children = (
				84B9318520BBC0BD00DAD5CC /* Extensions */,
				84B9318420BBC0B200DAD5CC /* Protocols */,
				84B9318220BBBEB300DAD5CC /* Model */,
				84B9318120BBBEAE00DAD5CC /* View */,
				84B9318020BBBEA600DAD5CC /* Controller */,
				84B9318320BBBEC000DAD5CC /* Resources */,
			);
			path = TacoPOP;
			sourceTree = "<group>";
		};
		84B9318020BBBEA600DAD5CC /* Controller */ = {
			isa = PBXGroup;
			children = (
				84B9316B20BBBE8C00DAD5CC /* AppDelegate.swift */,
				84B9318620BBC13900DAD5CC /* MainViewController.swift */,
			);
			name = Controller;
			sourceTree = "<group>";
		};
		84B9318120BBBEAE00DAD5CC /* View */ = {
			isa = PBXGroup;
			children = (
				84B9316F20BBBE8C00DAD5CC /* Main.storyboard */,
				84B9317720BBBE8C00DAD5CC /* LaunchScreen.storyboard */,
				84B9318A20BBC49C00DAD5CC /* HeaderView.swift */,
				84B9319320BBFD3300DAD5CC /* TacoCell.swift */,
				84B9319420BBFD3300DAD5CC /* TacoCell.xib */,
				84D86F5820BC11D90033C015 /* TacoCellBackground.swift */,
			);
			name = View;
			sourceTree = "<group>";
		};
		84B9318220BBBEB300DAD5CC /* Model */ = {
			isa = PBXGroup;
			children = (
				84B9318E20BBF88500DAD5CC /* Service */,
				84B9318C20BBDE9100DAD5CC /* Taco.swift */,
			);
			name = Model;
			sourceTree = "<group>";
		};
		84B9318320BBBEC000DAD5CC /* Resources */ = {
			isa = PBXGroup;
			children = (
				84B9317520BBBE8C00DAD5CC /* Assets.xcassets */,
				84B9317A20BBBE8C00DAD5CC /* Info.plist */,
			);
			name = Resources;
			sourceTree = "<group>";
		};
		84B9318420BBC0B200DAD5CC /* Protocols */ = {
			isa = PBXGroup;
			children = (
				84B9318820BBC3D500DAD5CC /* DropShadow.swift */,
				84B9319720BC041C00DAD5CC /* ReuseableView.swift */,
				84B9319920BC066300DAD5CC /* NibLoadableView.swift */,
				84D86F5620BC0F7E0033C015 /* MaterialView.swift */,
			);
			name = Protocols;
			sourceTree = "<group>";
		};
		84B9318520BBC0BD00DAD5CC /* Extensions */ = {
			isa = PBXGroup;
			children = (
				84B9319B20BC07BC00DAD5CC /* UICollectionView+Extension.swift */,
			);
			name = Extensions;
			sourceTree = "<group>";
		};
		84B9318E20BBF88500DAD5CC /* Service */ = {
			isa = PBXGroup;
			children = (
				84B9318F20BBF89800DAD5CC /* DataService.swift */,
			);
			name = Service;
			sourceTree = "<group>";
		};
/* End PBXGroup section */

/* Begin PBXNativeTarget section */
		84B9316720BBBE8C00DAD5CC /* TacoPOP */ = {
			isa = PBXNativeTarget;
			buildConfigurationList = 84B9317D20BBBE8C00DAD5CC /* Build configuration list for PBXNativeTarget "TacoPOP" */;
			buildPhases = (
				84B9316420BBBE8C00DAD5CC /* Sources */,
				84B9316520BBBE8C00DAD5CC /* Frameworks */,
				84B9316620BBBE8C00DAD5CC /* Resources */,
			);
			buildRules = (
			);
			dependencies = (
			);
			name = TacoPOP;
			productName = TacoPOP;
			productReference = 84B9316820BBBE8C00DAD5CC /* TacoPOP.app */;
			productType = "com.apple.product-type.application";
		};
/* End PBXNativeTarget section */

/* Begin PBXProject section */
		84B9316020BBBE8C00DAD5CC /* Project object */ = {
			isa = PBXProject;
			attributes = {
				LastSwiftUpdateCheck = 0830;
				LastUpgradeCheck = 0830;
				ORGANIZATIONNAME = "Son Ho";
				TargetAttributes = {
					84B9316720BBBE8C00DAD5CC = {
						CreatedOnToolsVersion = 8.3.3;
						ProvisioningStyle = Automatic;
					};
				};
			};
			buildConfigurationList = 84B9316320BBBE8C00DAD5CC /* Build configuration list for PBXProject "TacoPOP" */;
			compatibilityVersion = "Xcode 3.2";
			developmentRegion = English;
			hasScannedForEncodings = 0;
			knownRegions = (
				en,
				Base,
			);
			mainGroup = 84B9315F20BBBE8C00DAD5CC;
			productRefGroup = 84B9316920BBBE8C00DAD5CC /* Products */;
			projectDirPath = "";
			projectRoot = "";
			targets = (
				84B9316720BBBE8C00DAD5CC /* TacoPOP */,
			);
		};
/* End PBXProject section */

/* Begin PBXResourcesBuildPhase section */
		84B9316620BBBE8C00DAD5CC /* Resources */ = {
			isa = PBXResourcesBuildPhase;
			buildActionMask = 2147483647;
			files = (
				84B9319620BBFD3300DAD5CC /* TacoCell.xib in Resources */,
				84B9317920BBBE8C00DAD5CC /* LaunchScreen.storyboard in Resources */,
				84B9317620BBBE8C00DAD5CC /* Assets.xcassets in Resources */,
				84B9317120BBBE8C00DAD5CC /* Main.storyboard in Resources */,
			);
			runOnlyForDeploymentPostprocessing = 0;
		};
/* End PBXResourcesBuildPhase section */

/* Begin PBXSourcesBuildPhase section */
		84B9316420BBBE8C00DAD5CC /* Sources */ = {
			isa = PBXSourcesBuildPhase;
			buildActionMask = 2147483647;
			files = (
				84B9319520BBFD3300DAD5CC /* TacoCell.swift in Sources */,
				84B9319820BC041C00DAD5CC /* ReuseableView.swift in Sources */,
				84B9316C20BBBE8C00DAD5CC /* AppDelegate.swift in Sources */,
				84B9319A20BC066300DAD5CC /* NibLoadableView.swift in Sources */,
				84D86F5720BC0F7E0033C015 /* MaterialView.swift in Sources */,
				84B9318920BBC3D500DAD5CC /* DropShadow.swift in Sources */,
				84D86F5920BC11D90033C015 /* TacoCellBackground.swift in Sources */,
				84B9318720BBC13900DAD5CC /* MainViewController.swift in Sources */,
				84B9319C20BC07BC00DAD5CC /* UICollectionView+Extension.swift in Sources */,
				84B9319020BBF89800DAD5CC /* DataService.swift in Sources */,
				84B9318D20BBDE9100DAD5CC /* Taco.swift in Sources */,
				84B9318B20BBC49C00DAD5CC /* HeaderView.swift in Sources */,
			);
			runOnlyForDeploymentPostprocessing = 0;
		};
/* End PBXSourcesBuildPhase section */

/* Begin PBXVariantGroup section */
		84B9316F20BBBE8C00DAD5CC /* Main.storyboard */ = {
			isa = PBXVariantGroup;
			children = (
				84B9317020BBBE8C00DAD5CC /* Base */,
			);
			name = Main.storyboard;
			sourceTree = "<group>";
		};
		84B9317720BBBE8C00DAD5CC /* LaunchScreen.storyboard */ = {
			isa = PBXVariantGroup;
			children = (
				84B9317820BBBE8C00DAD5CC /* Base */,
			);
			name = LaunchScreen.storyboard;
			sourceTree = "<group>";
		};
/* End PBXVariantGroup section */

/* Begin XCBuildConfiguration section */
		84B9317B20BBBE8C00DAD5CC /* Debug */ = {
			isa = XCBuildConfiguration;
			buildSettings = {
				ALWAYS_SEARCH_USER_PATHS = NO;
				CLANG_ANALYZER_NONNULL = YES;
				CLANG_ANALYZER_NUMBER_OBJECT_CONVERSION = YES_AGGRESSIVE;
				CLANG_CXX_LANGUAGE_STANDARD = "gnu++0x";
				CLANG_CXX_LIBRARY = "libc++";
				CLANG_ENABLE_MODULES = YES;
				CLANG_ENABLE_OBJC_ARC = YES;
				CLANG_WARN_BOOL_CONVERSION = YES;
				CLANG_WARN_CONSTANT_CONVERSION = YES;
				CLANG_WARN_DIRECT_OBJC_ISA_USAGE = YES_ERROR;
				CLANG_WARN_DOCUMENTATION_COMMENTS = YES;
				CLANG_WARN_EMPTY_BODY = YES;
				CLANG_WARN_ENUM_CONVERSION = YES;
				CLANG_WARN_INFINITE_RECURSION = YES;
				CLANG_WARN_INT_CONVERSION = YES;
				CLANG_WARN_OBJC_ROOT_CLASS = YES_ERROR;
				CLANG_WARN_SUSPICIOUS_MOVE = YES;
				CLANG_WARN_UNREACHABLE_CODE = YES;
				CLANG_WARN__DUPLICATE_METHOD_MATCH = YES;
				"CODE_SIGN_IDENTITY[sdk=iphoneos*]" = "iPhone Developer";
				COPY_PHASE_STRIP = NO;
				DEBUG_INFORMATION_FORMAT = dwarf;
				ENABLE_STRICT_OBJC_MSGSEND = YES;
				ENABLE_TESTABILITY = YES;
				GCC_C_LANGUAGE_STANDARD = gnu99;
				GCC_DYNAMIC_NO_PIC = NO;
				GCC_NO_COMMON_BLOCKS = YES;
				GCC_OPTIMIZATION_LEVEL = 0;
				GCC_PREPROCESSOR_DEFINITIONS = (
					"DEBUG=1",
					"$(inherited)",
				);
				GCC_WARN_64_TO_32_BIT_CONVERSION = YES;
				GCC_WARN_ABOUT_RETURN_TYPE = YES_ERROR;
				GCC_WARN_UNDECLARED_SELECTOR = YES;
				GCC_WARN_UNINITIALIZED_AUTOS = YES_AGGRESSIVE;
				GCC_WARN_UNUSED_FUNCTION = YES;
				GCC_WARN_UNUSED_VARIABLE = YES;
				IPHONEOS_DEPLOYMENT_TARGET = 10.3;
				MTL_ENABLE_DEBUG_INFO = YES;
				ONLY_ACTIVE_ARCH = YES;
				SDKROOT = iphoneos;
				SWIFT_ACTIVE_COMPILATION_CONDITIONS = DEBUG;
				SWIFT_OPTIMIZATION_LEVEL = "-Onone";
				TARGETED_DEVICE_FAMILY = "1,2";
			};
			name = Debug;
		};
		84B9317C20BBBE8C00DAD5CC /* Release */ = {
			isa = XCBuildConfiguration;
			buildSettings = {
				ALWAYS_SEARCH_USER_PATHS = NO;
				CLANG_ANALYZER_NONNULL = YES;
				CLANG_ANALYZER_NUMBER_OBJECT_CONVERSION = YES_AGGRESSIVE;
				CLANG_CXX_LANGUAGE_STANDARD = "gnu++0x";
				CLANG_CXX_LIBRARY = "libc++";
				CLANG_ENABLE_MODULES = YES;
				CLANG_ENABLE_OBJC_ARC = YES;
				CLANG_WARN_BOOL_CONVERSION = YES;
				CLANG_WARN_CONSTANT_CONVERSION = YES;
				CLANG_WARN_DIRECT_OBJC_ISA_USAGE = YES_ERROR;
				CLANG_WARN_DOCUMENTATION_COMMENTS = YES;
				CLANG_WARN_EMPTY_BODY = YES;
				CLANG_WARN_ENUM_CONVERSION = YES;
				CLANG_WARN_INFINITE_RECURSION = YES;
				CLANG_WARN_INT_CONVERSION = YES;
				CLANG_WARN_OBJC_ROOT_CLASS = YES_ERROR;
				CLANG_WARN_SUSPICIOUS_MOVE = YES;
				CLANG_WARN_UNREACHABLE_CODE = YES;
				CLANG_WARN__DUPLICATE_METHOD_MATCH = YES;
				"CODE_SIGN_IDENTITY[sdk=iphoneos*]" = "iPhone Developer";
				COPY_PHASE_STRIP = NO;
				DEBUG_INFORMATION_FORMAT = "dwarf-with-dsym";
				ENABLE_NS_ASSERTIONS = NO;
				ENABLE_STRICT_OBJC_MSGSEND = YES;
				GCC_C_LANGUAGE_STANDARD = gnu99;
				GCC_NO_COMMON_BLOCKS = YES;
				GCC_WARN_64_TO_32_BIT_CONVERSION = YES;
				GCC_WARN_ABOUT_RETURN_TYPE = YES_ERROR;
				GCC_WARN_UNDECLARED_SELECTOR = YES;
				GCC_WARN_UNINITIALIZED_AUTOS = YES_AGGRESSIVE;
				GCC_WARN_UNUSED_FUNCTION = YES;
				GCC_WARN_UNUSED_VARIABLE = YES;
				IPHONEOS_DEPLOYMENT_TARGET = 10.3;
				MTL_ENABLE_DEBUG_INFO = NO;
				SDKROOT = iphoneos;
				SWIFT_OPTIMIZATION_LEVEL = "-Owholemodule";
				TARGETED_DEVICE_FAMILY = "1,2";
				VALIDATE_PRODUCT = YES;
			};
			name = Release;
		};
		84B9317E20BBBE8C00DAD5CC /* Debug */ = {
			isa = XCBuildConfiguration;
			buildSettings = {
				ASSETCATALOG_COMPILER_APPICON_NAME = AppIcon;
				INFOPLIST_FILE = TacoPOP/Info.plist;
				LD_RUNPATH_SEARCH_PATHS = "$(inherited) @executable_path/Frameworks";
				PRODUCT_BUNDLE_IDENTIFIER = com.sonhnlab.TacoPOP;
				PRODUCT_NAME = "$(TARGET_NAME)";
				SWIFT_VERSION = 3.0;
			};
			name = Debug;
		};
		84B9317F20BBBE8C00DAD5CC /* Release */ = {
			isa = XCBuildConfiguration;
			buildSettings = {
				ASSETCATALOG_COMPILER_APPICON_NAME = AppIcon;
				INFOPLIST_FILE = TacoPOP/Info.plist;
				LD_RUNPATH_SEARCH_PATHS = "$(inherited) @executable_path/Frameworks";
				PRODUCT_BUNDLE_IDENTIFIER = com.sonhnlab.TacoPOP;
				PRODUCT_NAME = "$(TARGET_NAME)";
				SWIFT_VERSION = 3.0;
			};
			name = Release;
		};
/* End XCBuildConfiguration section */

/* Begin XCConfigurationList section */
		84B9316320BBBE8C00DAD5CC /* Build configuration list for PBXProject "TacoPOP" */ = {
			isa = XCConfigurationList;
			buildConfigurations = (
				84B9317B20BBBE8C00DAD5CC /* Debug */,
				84B9317C20BBBE8C00DAD5CC /* Release */,
			);
			defaultConfigurationIsVisible = 0;
			defaultConfigurationName = Release;
		};
		84B9317D20BBBE8C00DAD5CC /* Build configuration list for PBXNativeTarget "TacoPOP" */ = {
			isa = XCConfigurationList;
			buildConfigurations = (
				84B9317E20BBBE8C00DAD5CC /* Debug */,
				84B9317F20BBBE8C00DAD5CC /* Release */,
			);
			defaultConfigurationIsVisible = 0;
			defaultConfigurationName = Release;
		};
/* End XCConfigurationList section */
	};
	rootObject = 84B9316020BBBE8C00DAD5CC /* Project object */;
}
